
Microsoft Visual Studio Solution File, Format Version 12.00
# Visual Studio Version 16
VisualStudioVersion = 16.0.31424.327
MinimumVisualStudioVersion = 10.0.40219.1
Project("{FAE04EC0-301F-11D3-BF4B-00C04F79EFBC}") = "ClassHuman", "ClassHuman\ClassHuman.csproj", "{C5320E8C-FA93-4B21-AC83-1FBAF5D8948C}"
EndProject
Global
	GlobalSection(SolutionConfigurationPlatforms) = preSolution
		Debug|Any CPU = Debug|Any CPU
		Release|Any CPU = Release|Any CPU
	EndGlobalSection
	GlobalSection(ProjectConfigurationPlatforms) = postSolution
		{C5320E8C-FA93-4B21-AC83-1FBAF5D8948C}.Debug|Any CPU.ActiveCfg = Debug|Any CPU
		{C5320E8C-FA93-4B21-AC83-1FBAF5D8948C}.Debug|Any CPU.Build.0 = Debug|Any CPU
		{C5320E8C-FA93-4B21-AC83-1FBAF5D8948C}.Release|Any CPU.ActiveCfg = Release|Any CPU
		{C5320E8C-FA93-4B21-AC83-1FBAF5D8948C}.Release|Any CPU.Build.0 = Release|Any CPU
	EndGlobalSection
	GlobalSection(SolutionProperties) = preSolution
		HideSolutionNode = FALSE
	EndGlobalSection
	GlobalSection(ExtensibilityGlobals) = postSolution
		SolutionGuid = {BFA5455C-B235-4244-97E1-11DF69B51E84}
	EndGlobalSection
EndGlobal
